
Microsoft Visual Studio Solution File, Format Version 12.00
# Visual Studio Version 17
VisualStudioVersion = 17.10.34928.147
MinimumVisualStudioVersion = 10.0.40219.1
Project("{9A19103F-16F7-4668-BE54-9A1E7A4F7556}") = "ChainOfResponsibility", "ChainOfResponsibility\ChainOfResponsibility.csproj", "{78549A80-1D53-45A2-BF0C-6B0D27332457}"
EndProject
Project("{9A19103F-16F7-4668-BE54-9A1E7A4F7556}") = "CQRSDesign", "CQRSDesign\CQRSDesign.csproj", "{50345364-7A64-4F10-BD29-1570C1AC737F}"
EndProject
Project("{2150E333-8FDC-42A3-9474-1A3956D46DE8}") = "RepositoryDesign", "RepositoryDesign", "{914FDBAA-E76D-4784-8ABF-99BA7202D3E3}"
EndProject
Project("{9A19103F-16F7-4668-BE54-9A1E7A4F7556}") = "Repository.UI", "Repository.UI\Repository.UI.csproj", "{79ECDCA8-7082-4930-806B-9F296AA715E9}"
EndProject
Project("{9A19103F-16F7-4668-BE54-9A1E7A4F7556}") = "Repository.Entity", "Repository.Entity\Repository.Entity.csproj", "{B42C79FD-89D3-47FB-AE7E-DF87125E129A}"
EndProject
Project("{9A19103F-16F7-4668-BE54-9A1E7A4F7556}") = "Repository.DataAccess", "Repository.DataAccess\Repository.DataAccess.csproj", "{2AD61F09-6274-425C-BC5F-0495E9EB2236}"
EndProject
Project("{9A19103F-16F7-4668-BE54-9A1E7A4F7556}") = "Repository.Business", "Repository.Business\Repository.Business.csproj", "{1D02F2A7-6D28-4D6E-AECA-ABF6EF488F09}"
EndProject
Project("{2150E333-8FDC-42A3-9474-1A3956D46DE8}") = "MediatorDesign", "MediatorDesign", "{2DAD63FC-BD21-4DD4-85D9-538E15127727}"
EndProject
Project("{9A19103F-16F7-4668-BE54-9A1E7A4F7556}") = "Mediator.UI", "Mediator.UI\Mediator.UI.csproj", "{D9B0356E-5F80-4474-9555-BEDEA41D283B}"
EndProject
Project("{2150E333-8FDC-42A3-9474-1A3956D46DE8}") = "TemplateDesign", "TemplateDesign", "{CC8CD0F5-4068-4253-A69E-CC4E665D011F}"
EndProject
Project("{9A19103F-16F7-4668-BE54-9A1E7A4F7556}") = "TemplateMethod.UI", "TemplateMethod.UI\TemplateMethod.UI.csproj", "{3BF4D068-78B6-4F3E-9709-F44B738EF522}"
EndProject
Project("{2150E333-8FDC-42A3-9474-1A3956D46DE8}") = "IteratorDesign", "IteratorDesign", "{D8658A2F-9C3D-47D8-980E-6DE2301FEAEF}"
EndProject
Project("{FAE04EC0-301F-11D3-BF4B-00C04F79EFBC}") = "Iterator.UI", "Iterator.UI\Iterator.UI.csproj", "{6B900139-B609-4A41-A35D-CE6D142C793B}"
EndProject
Project("{2150E333-8FDC-42A3-9474-1A3956D46DE8}") = "UnitOfWorkDesign", "UnitOfWorkDesign", "{146A12B1-4E90-4707-9D7D-FC2358A2A7E2}"
EndProject
Project("{FAE04EC0-301F-11D3-BF4B-00C04F79EFBC}") = "UnitOfWork.UI", "UnitOfWork.UI\UnitOfWork.UI.csproj", "{F59149B0-5584-48A5-ADCB-BA0D369ED572}"
EndProject
Project("{FAE04EC0-301F-11D3-BF4B-00C04F79EFBC}") = "UnitOfWork.Entity", "UnitOfWork.Entity\UnitOfWork.Entity.csproj", "{754A8A06-4594-4765-B309-9D3078987975}"
EndProject
Project("{FAE04EC0-301F-11D3-BF4B-00C04F79EFBC}") = "UnitOfWork.DataAccess", "UnitOfWork.DataAccess\UnitOfWork.DataAccess.csproj", "{0540F03F-FCC4-45C2-8615-DAE4972F69D5}"
EndProject
Project("{FAE04EC0-301F-11D3-BF4B-00C04F79EFBC}") = "UnitOfWork.Business", "UnitOfWork.Business\UnitOfWork.Business.csproj", "{7A7CDEB8-0B5C-440A-9B2D-2FC69D163BAE}"
EndProject
Global
	GlobalSection(SolutionConfigurationPlatforms) = preSolution
		Debug|Any CPU = Debug|Any CPU
		Release|Any CPU = Release|Any CPU
	EndGlobalSection
	GlobalSection(ProjectConfigurationPlatforms) = postSolution
		{78549A80-1D53-45A2-BF0C-6B0D27332457}.Debug|Any CPU.ActiveCfg = Debug|Any CPU
		{78549A80-1D53-45A2-BF0C-6B0D27332457}.Debug|Any CPU.Build.0 = Debug|Any CPU
		{78549A80-1D53-45A2-BF0C-6B0D27332457}.Release|Any CPU.ActiveCfg = Release|Any CPU
		{78549A80-1D53-45A2-BF0C-6B0D27332457}.Release|Any CPU.Build.0 = Release|Any CPU
		{50345364-7A64-4F10-BD29-1570C1AC737F}.Debug|Any CPU.ActiveCfg = Debug|Any CPU
		{50345364-7A64-4F10-BD29-1570C1AC737F}.Debug|Any CPU.Build.0 = Debug|Any CPU
		{50345364-7A64-4F10-BD29-1570C1AC737F}.Release|Any CPU.ActiveCfg = Release|Any CPU
		{50345364-7A64-4F10-BD29-1570C1AC737F}.Release|Any CPU.Build.0 = Release|Any CPU
		{79ECDCA8-7082-4930-806B-9F296AA715E9}.Debug|Any CPU.ActiveCfg = Debug|Any CPU
		{79ECDCA8-7082-4930-806B-9F296AA715E9}.Debug|Any CPU.Build.0 = Debug|Any CPU
		{79ECDCA8-7082-4930-806B-9F296AA715E9}.Release|Any CPU.ActiveCfg = Release|Any CPU
		{79ECDCA8-7082-4930-806B-9F296AA715E9}.Release|Any CPU.Build.0 = Release|Any CPU
		{B42C79FD-89D3-47FB-AE7E-DF87125E129A}.Debug|Any CPU.ActiveCfg = Debug|Any CPU
		{B42C79FD-89D3-47FB-AE7E-DF87125E129A}.Debug|Any CPU.Build.0 = Debug|Any CPU
		{B42C79FD-89D3-47FB-AE7E-DF87125E129A}.Release|Any CPU.ActiveCfg = Release|Any CPU
		{B42C79FD-89D3-47FB-AE7E-DF87125E129A}.Release|Any CPU.Build.0 = Release|Any CPU
		{2AD61F09-6274-425C-BC5F-0495E9EB2236}.Debug|Any CPU.ActiveCfg = Debug|Any CPU
		{2AD61F09-6274-425C-BC5F-0495E9EB2236}.Debug|Any CPU.Build.0 = Debug|Any CPU
		{2AD61F09-6274-425C-BC5F-0495E9EB2236}.Release|Any CPU.ActiveCfg = Release|Any CPU
		{2AD61F09-6274-425C-BC5F-0495E9EB2236}.Release|Any CPU.Build.0 = Release|Any CPU
		{1D02F2A7-6D28-4D6E-AECA-ABF6EF488F09}.Debug|Any CPU.ActiveCfg = Debug|Any CPU
		{1D02F2A7-6D28-4D6E-AECA-ABF6EF488F09}.Debug|Any CPU.Build.0 = Debug|Any CPU
		{1D02F2A7-6D28-4D6E-AECA-ABF6EF488F09}.Release|Any CPU.ActiveCfg = Release|Any CPU
		{1D02F2A7-6D28-4D6E-AECA-ABF6EF488F09}.Release|Any CPU.Build.0 = Release|Any CPU
		{D9B0356E-5F80-4474-9555-BEDEA41D283B}.Debug|Any CPU.ActiveCfg = Debug|Any CPU
		{D9B0356E-5F80-4474-9555-BEDEA41D283B}.Debug|Any CPU.Build.0 = Debug|Any CPU
		{D9B0356E-5F80-4474-9555-BEDEA41D283B}.Release|Any CPU.ActiveCfg = Release|Any CPU
		{D9B0356E-5F80-4474-9555-BEDEA41D283B}.Release|Any CPU.Build.0 = Release|Any CPU
		{3BF4D068-78B6-4F3E-9709-F44B738EF522}.Debug|Any CPU.ActiveCfg = Debug|Any CPU
		{3BF4D068-78B6-4F3E-9709-F44B738EF522}.Debug|Any CPU.Build.0 = Debug|Any CPU
		{3BF4D068-78B6-4F3E-9709-F44B738EF522}.Release|Any CPU.ActiveCfg = Release|Any CPU
		{3BF4D068-78B6-4F3E-9709-F44B738EF522}.Release|Any CPU.Build.0 = Release|Any CPU
		{6B900139-B609-4A41-A35D-CE6D142C793B}.Debug|Any CPU.ActiveCfg = Debug|Any CPU
		{6B900139-B609-4A41-A35D-CE6D142C793B}.Debug|Any CPU.Build.0 = Debug|Any CPU
		{6B900139-B609-4A41-A35D-CE6D142C793B}.Release|Any CPU.ActiveCfg = Release|Any CPU
		{6B900139-B609-4A41-A35D-CE6D142C793B}.Release|Any CPU.Build.0 = Release|Any CPU
		{F59149B0-5584-48A5-ADCB-BA0D369ED572}.Debug|Any CPU.ActiveCfg = Debug|Any CPU
		{F59149B0-5584-48A5-ADCB-BA0D369ED572}.Debug|Any CPU.Build.0 = Debug|Any CPU
		{F59149B0-5584-48A5-ADCB-BA0D369ED572}.Release|Any CPU.ActiveCfg = Release|Any CPU
		{F59149B0-5584-48A5-ADCB-BA0D369ED572}.Release|Any CPU.Build.0 = Release|Any CPU
		{754A8A06-4594-4765-B309-9D3078987975}.Debug|Any CPU.ActiveCfg = Debug|Any CPU
		{754A8A06-4594-4765-B309-9D3078987975}.Debug|Any CPU.Build.0 = Debug|Any CPU
		{754A8A06-4594-4765-B309-9D3078987975}.Release|Any CPU.ActiveCfg = Release|Any CPU
		{754A8A06-4594-4765-B309-9D3078987975}.Release|Any CPU.Build.0 = Release|Any CPU
		{0540F03F-FCC4-45C2-8615-DAE4972F69D5}.Debug|Any CPU.ActiveCfg = Debug|Any CPU
		{0540F03F-FCC4-45C2-8615-DAE4972F69D5}.Debug|Any CPU.Build.0 = Debug|Any CPU
		{0540F03F-FCC4-45C2-8615-DAE4972F69D5}.Release|Any CPU.ActiveCfg = Release|Any CPU
		{0540F03F-FCC4-45C2-8615-DAE4972F69D5}.Release|Any CPU.Build.0 = Release|Any CPU
		{7A7CDEB8-0B5C-440A-9B2D-2FC69D163BAE}.Debug|Any CPU.ActiveCfg = Debug|Any CPU
		{7A7CDEB8-0B5C-440A-9B2D-2FC69D163BAE}.Debug|Any CPU.Build.0 = Debug|Any CPU
		{7A7CDEB8-0B5C-440A-9B2D-2FC69D163BAE}.Release|Any CPU.ActiveCfg = Release|Any CPU
		{7A7CDEB8-0B5C-440A-9B2D-2FC69D163BAE}.Release|Any CPU.Build.0 = Release|Any CPU
	EndGlobalSection
	GlobalSection(SolutionProperties) = preSolution
		HideSolutionNode = FALSE
	EndGlobalSection
	GlobalSection(NestedProjects) = preSolution
		{79ECDCA8-7082-4930-806B-9F296AA715E9} = {914FDBAA-E76D-4784-8ABF-99BA7202D3E3}
		{B42C79FD-89D3-47FB-AE7E-DF87125E129A} = {914FDBAA-E76D-4784-8ABF-99BA7202D3E3}
		{2AD61F09-6274-425C-BC5F-0495E9EB2236} = {914FDBAA-E76D-4784-8ABF-99BA7202D3E3}
		{1D02F2A7-6D28-4D6E-AECA-ABF6EF488F09} = {914FDBAA-E76D-4784-8ABF-99BA7202D3E3}
		{D9B0356E-5F80-4474-9555-BEDEA41D283B} = {2DAD63FC-BD21-4DD4-85D9-538E15127727}
		{3BF4D068-78B6-4F3E-9709-F44B738EF522} = {CC8CD0F5-4068-4253-A69E-CC4E665D011F}
		{6B900139-B609-4A41-A35D-CE6D142C793B} = {D8658A2F-9C3D-47D8-980E-6DE2301FEAEF}
		{F59149B0-5584-48A5-ADCB-BA0D369ED572} = {146A12B1-4E90-4707-9D7D-FC2358A2A7E2}
		{754A8A06-4594-4765-B309-9D3078987975} = {146A12B1-4E90-4707-9D7D-FC2358A2A7E2}
		{0540F03F-FCC4-45C2-8615-DAE4972F69D5} = {146A12B1-4E90-4707-9D7D-FC2358A2A7E2}
		{7A7CDEB8-0B5C-440A-9B2D-2FC69D163BAE} = {146A12B1-4E90-4707-9D7D-FC2358A2A7E2}
	EndGlobalSection
	GlobalSection(ExtensibilityGlobals) = postSolution
		SolutionGuid = {FF6CA2AA-671F-4E7C-B061-DD568D1753BE}
	EndGlobalSection
EndGlobal
